
Microsoft Visual Studio Solution File, Format Version 12.00
# Visual Studio Version 17
VisualStudioVersion = 17.0.32126.317
MinimumVisualStudioVersion = 10.0.40219.1
Project("{FAE04EC0-301F-11D3-BF4B-00C04F79EFBC}") = "Mindbox.Shapes", "Mindbox.Shapes\Mindbox.Shapes.csproj", "{82101AB9-BEEB-44EB-9D71-22D5136B493A}"
EndProject
Project("{FAE04EC0-301F-11D3-BF4B-00C04F79EFBC}") = "Mindbox.ShapesTests", "Mindbox.ShapesTests\Mindbox.ShapesTests.csproj", "{14B19181-B086-4B6A-A9EA-A3263A5B7188}"
EndProject
Global
	GlobalSection(SolutionConfigurationPlatforms) = preSolution
		Debug|Any CPU = Debug|Any CPU
		Release|Any CPU = Release|Any CPU
	EndGlobalSection
	GlobalSection(ProjectConfigurationPlatforms) = postSolution
		{82101AB9-BEEB-44EB-9D71-22D5136B493A}.Debug|Any CPU.ActiveCfg = Debug|Any CPU
		{82101AB9-BEEB-44EB-9D71-22D5136B493A}.Debug|Any CPU.Build.0 = Debug|Any CPU
		{82101AB9-BEEB-44EB-9D71-22D5136B493A}.Release|Any CPU.ActiveCfg = Release|Any CPU
		{82101AB9-BEEB-44EB-9D71-22D5136B493A}.Release|Any CPU.Build.0 = Release|Any CPU
		{14B19181-B086-4B6A-A9EA-A3263A5B7188}.Debug|Any CPU.ActiveCfg = Debug|Any CPU
		{14B19181-B086-4B6A-A9EA-A3263A5B7188}.Debug|Any CPU.Build.0 = Debug|Any CPU
		{14B19181-B086-4B6A-A9EA-A3263A5B7188}.Release|Any CPU.ActiveCfg = Release|Any CPU
		{14B19181-B086-4B6A-A9EA-A3263A5B7188}.Release|Any CPU.Build.0 = Release|Any CPU
	EndGlobalSection
	GlobalSection(SolutionProperties) = preSolution
		HideSolutionNode = FALSE
	EndGlobalSection
	GlobalSection(ExtensibilityGlobals) = postSolution
		SolutionGuid = {BE0D82C7-047E-423F-97AF-B7D47A7C715A}
	EndGlobalSection
EndGlobal
